{
  "version": 4,
  "terraform_version": "0.12.13",
  "serial": 70,
  "lineage": "da83e019-2a16-1005-5ad6-e66bdb477cf4",
  "outputs": {},
  "resources": [
    {
      "mode": "managed",
      "type": "aws_cloudwatch_event_rule",
      "name": "swap-cloudwatch",
      "provider": "provider.aws",
      "instances": [
        {
          "schema_version": 0,
          "attributes": {
            "arn": "arn:aws:events:us-west-2:908574644363:rule/swap-cloudwatch",
            "description": "",
            "event_pattern": null,
            "id": "swap-cloudwatch",
            "is_enabled": true,
            "name": "swap-cloudwatch",
            "name_prefix": null,
            "role_arn": "",
            "schedule_expression": "rate(10 minutes)",
            "tags": {}
          },
          "private": "bnVsbA=="
        }
      ]
    },
    {
      "mode": "managed",
      "type": "aws_cloudwatch_event_target",
      "name": "swap-cloudwatch",
      "provider": "provider.aws",
      "instances": []
    },
    {
      "mode": "managed",
      "type": "aws_iam_policy_attachment",
      "name": "admin-attach",
      "provider": "provider.aws",
      "instances": [
        {
          "schema_version": 0,
          "attributes": {
            "groups": null,
            "id": "admin-attachment",
            "name": "admin-attachment",
            "policy_arn": "arn:aws:iam::aws:policy/AdministratorAccess",
            "roles": [
              "Engineering_role"
            ],
            "users": null
          },
          "private": "bnVsbA=="
        }
      ]
    },
    {
      "mode": "managed",
      "type": "aws_iam_policy_attachment",
      "name": "admin-attach-lambda",
      "provider": "provider.aws",
      "instances": [
        {
          "schema_version": 0,
          "attributes": {
            "groups": null,
            "id": "admin-attachment-lambda",
            "name": "admin-attachment-lambda",
            "policy_arn": "arn:aws:iam::aws:policy/AdministratorAccess",
            "roles": [
              "iam_for_lambda"
            ],
            "users": null
          },
          "private": "bnVsbA=="
        }
      ]
    },
    {
      "mode": "managed",
      "type": "aws_iam_policy_attachment",
      "name": "billing-attach",
      "provider": "provider.aws",
      "instances": [
        {
          "schema_version": 0,
          "attributes": {
            "groups": null,
            "id": "billing-attachment",
            "name": "billing-attachment",
            "policy_arn": "arn:aws:iam::aws:policy/job-function/Billing",
            "roles": [
              "Finance_role"
            ],
            "users": null
          },
          "private": "bnVsbA=="
        }
      ]
    },
    {
      "mode": "managed",
      "type": "aws_iam_role",
      "name": "Engineering_role",
      "provider": "provider.aws",
      "instances": [
        {
          "schema_version": 0,
          "attributes": {
            "arn": "arn:aws:iam::908574644363:role/Engineering_role",
            "assume_role_policy": "{\"Version\":\"2012-10-17\",\"Statement\":[{\"Sid\":\"\",\"Effect\":\"Allow\",\"Principal\":{\"Service\":\"ec2.amazonaws.com\"},\"Action\":\"sts:AssumeRole\"}]}",
            "create_date": "2019-11-10T09:24:36Z",
            "description": "",
            "force_detach_policies": false,
            "id": "Engineering_role",
            "max_session_duration": 3600,
            "name": "Engineering_role",
            "name_prefix": null,
            "path": "/",
            "permissions_boundary": null,
            "tags": {},
            "unique_id": "AROA5HC2E3CFXHCLQKIUN"
          },
          "private": "bnVsbA=="
        }
      ]
    },
    {
      "mode": "managed",
      "type": "aws_iam_role",
      "name": "Finance_role",
      "provider": "provider.aws",
      "instances": [
        {
          "schema_version": 0,
          "attributes": {
            "arn": "arn:aws:iam::908574644363:role/Finance_role",
            "assume_role_policy": "{\"Version\":\"2012-10-17\",\"Statement\":[{\"Sid\":\"\",\"Effect\":\"Allow\",\"Principal\":{\"Service\":\"ec2.amazonaws.com\"},\"Action\":\"sts:AssumeRole\"}]}",
            "create_date": "2019-11-10T09:24:36Z",
            "description": "",
            "force_detach_policies": false,
            "id": "Finance_role",
            "max_session_duration": 3600,
            "name": "Finance_role",
            "name_prefix": null,
            "path": "/",
            "permissions_boundary": null,
            "tags": {},
            "unique_id": "AROA5HC2E3CFWES5IGD64"
          },
          "private": "bnVsbA=="
        }
      ]
    },
    {
      "mode": "managed",
      "type": "aws_iam_role",
      "name": "iam_for_lambda",
      "provider": "provider.aws",
      "instances": [
        {
          "schema_version": 0,
          "attributes": {
            "arn": "arn:aws:iam::908574644363:role/iam_for_lambda",
            "assume_role_policy": "{\"Version\":\"2012-10-17\",\"Statement\":[{\"Sid\":\"\",\"Effect\":\"Allow\",\"Principal\":{\"Service\":\"lambda.amazonaws.com\"},\"Action\":\"sts:AssumeRole\"}]}",
            "create_date": "2019-11-10T09:24:36Z",
            "description": "",
            "force_detach_policies": false,
            "id": "iam_for_lambda",
            "max_session_duration": 3600,
            "name": "iam_for_lambda",
            "name_prefix": null,
            "path": "/",
            "permissions_boundary": null,
            "tags": {},
            "unique_id": "AROA5HC2E3CFUIEOVZPM4"
          },
          "private": "bnVsbA=="
        }
      ]
    }
  ]
}
